Microsoft Visual Studio Solution File, Format Version 12.00
# Visual Studio Version 16
VisualStudioVersion = 16.0.29613.14
MinimumVisualStudioVersion = 10.0.40219.1
Project("{8BC9CEB8-8B4A-11D0-8D11-00A0C91BC942}") = "proj4_ruby", "proj4_ruby.vcxproj", "{DDB3E992-BF4B-4413-B061-288E40AECAD3}"
EndProject
Global
	GlobalSection(SolutionConfigurationPlatforms) = preSolution
		Debug|x64 = Debug|x64
		Release|x64 = Release|x64
	EndGlobalSection
	GlobalSection(ProjectConfigurationPlatforms) = postSolution
		{DDB3E992-BF4B-4413-B061-288E40AECAD3}.Debug|x64.ActiveCfg = Debug|x64
		{DDB3E992-BF4B-4413-B061-288E40AECAD3}.Debug|x64.Build.0 = Debug|x64
		{DDB3E992-BF4B-4413-B061-288E40AECAD3}.Release|x64.ActiveCfg = Release|x64
		{DDB3E992-BF4B-4413-B061-288E40AECAD3}.Release|x64.Build.0 = Release|x64
	EndGlobalSection
	GlobalSection(SolutionProperties) = preSolution
		HideSolutionNode = FALSE
	EndGlobalSection
	GlobalSection(ExtensibilityGlobals) = postSolution
		SolutionGuid = {48234595-10E2-4F5E-8603-FEB6BB95CEF7}
	EndGlobalSection
EndGlobal
